{
  "lockfile-version": 1,
  "manifest": {
    "version": 1,
    "install": {
      "cargo": {
        "pkg-path": "cargo"
      },
      "cargo-nextest": {
        "pkg-path": "cargo-nextest",
        "pkg-group": "extra"
      },
      "clang": {
        "pkg-path": "clang",
        "systems": [
          "aarch64-darwin"
        ]
      },
      "clippy": {
        "pkg-path": "clippy"
      },
      "gcc": {
        "pkg-path": "gcc",
        "systems": [
          "aarch64-linux",
          "x86_64-linux"
        ]
      },
      "libiconv": {
        "pkg-path": "libiconv",
        "systems": [
          "aarch64-darwin",
          "x86_64-darwin"
        ]
      },
      "rust-analyzer": {
        "pkg-path": "rust-analyzer",
        "pkg-group": "extra"
      },
      "rust-lib-src": {
        "pkg-path": "rustPlatform.rustLibSrc"
      },
      "rustc": {
        "pkg-path": "rustc"
      },
      "rustfmt": {
        "pkg-path": "rustfmt"
      }
    },
    "hook": {
      "on-activate": "  export PATH=\"$PWD/target/debug:$PATH\"\n"
    },
    "profile": {
      "fish": " abbr install-bin \"cargo b -r && cp target/release/ff ~/bin/ff\"\n"
    },
    "options": {
      "systems": [
        "aarch64-darwin",
        "x86_64-darwin",
        "aarch64-linux",
        "x86_64-linux"
      ]
    },
    "build": {
      "ffs": {
        "command": "  mkdir -p $out/bin\n  cargo build --release\n  cp target/release/ff $out/bin/ff\n",
        "version": "0.1.0",
        "description": "A swiss-army knife for working on Flox"
      }
    }
  },
  "packages": [
    {
      "attr_path": "cargo-nextest",
      "broken": false,
      "derivation": "/nix/store/d0kqhgvg4v6c5a55105gp2fdnv65h58j-cargo-nextest-0.9.72.drv",
      "description": "Next-generation test runner for Rust projects",
      "install_id": "cargo-nextest",
      "license": "[ MIT, Apache-2.0 ]",
      "locked_url": "https://github.com/flox/nixpkgs?rev=b73c2221a46c13557b1b3be9c2070cc42cf01eb3",
      "name": "cargo-nextest-0.9.72",
      "pname": "cargo-nextest",
      "rev": "b73c2221a46c13557b1b3be9c2070cc42cf01eb3",
      "rev_count": 658304,
      "rev_date": "2024-07-27T06:49:29Z",
      "scrape_date": "2024-07-29T13:19:28Z",
      "unfree": false,
      "version": "0.9.72",
      "outputs_to_install": [
        "out"
      ],
      "outputs": {
        "out": "/nix/store/992ck32yph34gf8dpsqbagm918cfk38r-cargo-nextest-0.9.72"
      },
      "system": "aarch64-darwin",
      "group": "extra",
      "priority": 5
    },
    {
      "attr_path": "cargo-nextest",
      "broken": false,
      "derivation": "/nix/store/zjw211aq3sd2s2vv1sfnsfxg8p0jp31q-cargo-nextest-0.9.72.drv",
      "description": "Next-generation test runner for Rust projects",
      "install_id": "cargo-nextest",
      "license": "[ MIT, Apache-2.0 ]",
      "locked_url": "https://github.com/flox/nixpkgs?rev=b73c2221a46c13557b1b3be9c2070cc42cf01eb3",
      "name": "cargo-nextest-0.9.72",
      "pname": "cargo-nextest",
      "rev": "b73c2221a46c13557b1b3be9c2070cc42cf01eb3",
      "rev_count": 658304,
      "rev_date": "2024-07-27T06:49:29Z",
      "scrape_date": "2024-07-29T13:19:28Z",
      "unfree": false,
      "version": "0.9.72",
      "outputs_to_install": [
        "out"
      ],
      "outputs": {
        "out": "/nix/store/zfzsawgbyan8cb5nd99kpcb7k1by3q1w-cargo-nextest-0.9.72"
      },
      "system": "x86_64-darwin",
      "group": "extra",
      "priority": 5
    },
    {
      "attr_path": "cargo-nextest",
      "broken": false,
      "derivation": "/nix/store/8kfg8lzg4cwljvk4a8gx139zi95mgqrl-cargo-nextest-0.9.72.drv",
      "description": "Next-generation test runner for Rust projects",
      "install_id": "cargo-nextest",
      "license": "[ MIT, Apache-2.0 ]",
      "locked_url": "https://github.com/flox/nixpkgs?rev=b73c2221a46c13557b1b3be9c2070cc42cf01eb3",
      "name": "cargo-nextest-0.9.72",
      "pname": "cargo-nextest",
      "rev": "b73c2221a46c13557b1b3be9c2070cc42cf01eb3",
      "rev_count": 658304,
      "rev_date": "2024-07-27T06:49:29Z",
      "scrape_date": "2024-07-29T13:19:28Z",
      "unfree": false,
      "version": "0.9.72",
      "outputs_to_install": [
        "out"
      ],
      "outputs": {
        "out": "/nix/store/zd3pnpswdmh8bw1sa1f9r6j8dbk6x3ny-cargo-nextest-0.9.72"
      },
      "system": "aarch64-linux",
      "group": "extra",
      "priority": 5
    },
    {
      "attr_path": "cargo-nextest",
      "broken": false,
      "derivation": "/nix/store/2zmkw6jzp15s45jrr8zarz48x8ss6zgg-cargo-nextest-0.9.72.drv",
      "description": "Next-generation test runner for Rust projects",
      "install_id": "cargo-nextest",
      "license": "[ MIT, Apache-2.0 ]",
      "locked_url": "https://github.com/flox/nixpkgs?rev=b73c2221a46c13557b1b3be9c2070cc42cf01eb3",
      "name": "cargo-nextest-0.9.72",
      "pname": "cargo-nextest",
      "rev": "b73c2221a46c13557b1b3be9c2070cc42cf01eb3",
      "rev_count": 658304,
      "rev_date": "2024-07-27T06:49:29Z",
      "scrape_date": "2024-07-29T13:19:28Z",
      "unfree": false,
      "version": "0.9.72",
      "outputs_to_install": [
        "out"
      ],
      "outputs": {
        "out": "/nix/store/jyld0p8cp14kcwbv4n5jb21q7mf5m8cp-cargo-nextest-0.9.72"
      },
      "system": "x86_64-linux",
      "group": "extra",
      "priority": 5
    },
    {
      "attr_path": "rust-analyzer",
      "broken": false,
      "derivation": "/nix/store/fc1j6whjsmpy845iy56asmyq0avpwp4n-rust-analyzer-2024-07-15.drv",
      "description": "Modular compiler frontend for the Rust language",
      "install_id": "rust-analyzer",
      "license": "[ MIT, Apache-2.0 ]",
      "locked_url": "https://github.com/flox/nixpkgs?rev=b73c2221a46c13557b1b3be9c2070cc42cf01eb3",
      "name": "rust-analyzer-2024-07-15",
      "pname": "rust-analyzer",
      "rev": "b73c2221a46c13557b1b3be9c2070cc42cf01eb3",
      "rev_count": 658304,
      "rev_date": "2024-07-27T06:49:29Z",
      "scrape_date": "2024-07-29T13:19:28Z",
      "unfree": false,
      "version": "2024-07-15",
      "outputs_to_install": [
        "out"
      ],
      "outputs": {
        "out": "/nix/store/17nps2b2rbln3lhidccv3i5m1hh0nw2d-rust-analyzer-2024-07-15"
      },
      "system": "aarch64-darwin",
      "group": "extra",
      "priority": 5
    },
    {
      "attr_path": "rust-analyzer",
      "broken": false,
      "derivation": "/nix/store/gs28a2b2057cv7xbgimjr9jbsw2s8dyn-rust-analyzer-2024-07-15.drv",
      "description": "Modular compiler frontend for the Rust language",
      "install_id": "rust-analyzer",
      "license": "[ MIT, Apache-2.0 ]",
      "locked_url": "https://github.com/flox/nixpkgs?rev=b73c2221a46c13557b1b3be9c2070cc42cf01eb3",
      "name": "rust-analyzer-2024-07-15",
      "pname": "rust-analyzer",
      "rev": "b73c2221a46c13557b1b3be9c2070cc42cf01eb3",
      "rev_count": 658304,
      "rev_date": "2024-07-27T06:49:29Z",
      "scrape_date": "2024-07-29T13:19:28Z",
      "unfree": false,
      "version": "2024-07-15",
      "outputs_to_install": [
        "out"
      ],
      "outputs": {
        "out": "/nix/store/5dsx3wlfygjz4mr4qm9xwpnz366nar21-rust-analyzer-2024-07-15"
      },
      "system": "x86_64-darwin",
      "group": "extra",
      "priority": 5
    },
    {
      "attr_path": "rust-analyzer",
      "broken": false,
      "derivation": "/nix/store/kaya7byvl1cspfhv0yd0fbda9c0a31lc-rust-analyzer-2024-07-15.drv",
      "description": "Modular compiler frontend for the Rust language",
      "install_id": "rust-analyzer",
      "license": "[ MIT, Apache-2.0 ]",
      "locked_url": "https://github.com/flox/nixpkgs?rev=b73c2221a46c13557b1b3be9c2070cc42cf01eb3",
      "name": "rust-analyzer-2024-07-15",
      "pname": "rust-analyzer",
      "rev": "b73c2221a46c13557b1b3be9c2070cc42cf01eb3",
      "rev_count": 658304,
      "rev_date": "2024-07-27T06:49:29Z",
      "scrape_date": "2024-07-29T13:19:28Z",
      "unfree": false,
      "version": "2024-07-15",
      "outputs_to_install": [
        "out"
      ],
      "outputs": {
        "out": "/nix/store/xqyfmxwx22x756kyv52gps7xzf445anq-rust-analyzer-2024-07-15"
      },
      "system": "aarch64-linux",
      "group": "extra",
      "priority": 5
    },
    {
      "attr_path": "rust-analyzer",
      "broken": false,
      "derivation": "/nix/store/cb3k3r1dh70gcb3zqh9vjx3i7gkfd2kh-rust-analyzer-2024-07-15.drv",
      "description": "Modular compiler frontend for the Rust language",
      "install_id": "rust-analyzer",
      "license": "[ MIT, Apache-2.0 ]",
      "locked_url": "https://github.com/flox/nixpkgs?rev=b73c2221a46c13557b1b3be9c2070cc42cf01eb3",
      "name": "rust-analyzer-2024-07-15",
      "pname": "rust-analyzer",
      "rev": "b73c2221a46c13557b1b3be9c2070cc42cf01eb3",
      "rev_count": 658304,
      "rev_date": "2024-07-27T06:49:29Z",
      "scrape_date": "2024-07-29T13:19:28Z",
      "unfree": false,
      "version": "2024-07-15",
      "outputs_to_install": [
        "out"
      ],
      "outputs": {
        "out": "/nix/store/zalsjjlr998k3gb0plp4jimigg1yw7i0-rust-analyzer-2024-07-15"
      },
      "system": "x86_64-linux",
      "group": "extra",
      "priority": 5
    },
    {
      "attr_path": "cargo",
      "broken": false,
      "derivation": "/nix/store/2zy6hhmp6z7acrj731y1jqw8f7fy8g73-cargo-1.78.0.drv",
      "description": "Downloads your Rust project's dependencies and builds your project",
      "install_id": "cargo",
      "license": "[ MIT, Apache-2.0 ]",
      "locked_url": "https://github.com/flox/nixpkgs?rev=b73c2221a46c13557b1b3be9c2070cc42cf01eb3",
      "name": "cargo-1.78.0",
      "pname": "cargo",
      "rev": "b73c2221a46c13557b1b3be9c2070cc42cf01eb3",
      "rev_count": 658304,
      "rev_date": "2024-07-27T06:49:29Z",
      "scrape_date": "2024-07-29T13:19:28Z",
      "unfree": false,
      "version": "1.78.0",
      "outputs_to_install": [
        "out"
      ],
      "outputs": {
        "out": "/nix/store/hqmqfyizjfw8n8g8kmcd0pizga7dga6x-cargo-1.78.0"
      },
      "system": "aarch64-darwin",
      "group": "toplevel",
      "priority": 5
    },
    {
      "attr_path": "cargo",
      "broken": false,
      "derivation": "/nix/store/n4f9sz6y9d6a216gi46zd3vqm3mj188d-cargo-1.78.0.drv",
      "description": "Downloads your Rust project's dependencies and builds your project",
      "install_id": "cargo",
      "license": "[ MIT, Apache-2.0 ]",
      "locked_url": "https://github.com/flox/nixpkgs?rev=b73c2221a46c13557b1b3be9c2070cc42cf01eb3",
      "name": "cargo-1.78.0",
      "pname": "cargo",
      "rev": "b73c2221a46c13557b1b3be9c2070cc42cf01eb3",
      "rev_count": 658304,
      "rev_date": "2024-07-27T06:49:29Z",
      "scrape_date": "2024-07-29T13:19:28Z",
      "unfree": false,
      "version": "1.78.0",
      "outputs_to_install": [
        "out"
      ],
      "outputs": {
        "out": "/nix/store/7yf0z8faldvcjqhpp8b12zw0n82mpk8c-cargo-1.78.0"
      },
      "system": "x86_64-darwin",
      "group": "toplevel",
      "priority": 5
    },
    {
      "attr_path": "cargo",
      "broken": false,
      "derivation": "/nix/store/517mzxx6hkragfzq9dawh9kvrmqng41d-cargo-1.78.0.drv",
      "description": "Downloads your Rust project's dependencies and builds your project",
      "install_id": "cargo",
      "license": "[ MIT, Apache-2.0 ]",
      "locked_url": "https://github.com/flox/nixpkgs?rev=b73c2221a46c13557b1b3be9c2070cc42cf01eb3",
      "name": "cargo-1.78.0",
      "pname": "cargo",
      "rev": "b73c2221a46c13557b1b3be9c2070cc42cf01eb3",
      "rev_count": 658304,
      "rev_date": "2024-07-27T06:49:29Z",
      "scrape_date": "2024-07-29T13:19:28Z",
      "unfree": false,
      "version": "1.78.0",
      "outputs_to_install": [
        "out"
      ],
      "outputs": {
        "out": "/nix/store/9jzsjc4frfw2l44s3zz5zar89qhm023n-cargo-1.78.0"
      },
      "system": "aarch64-linux",
      "group": "toplevel",
      "priority": 5
    },
    {
      "attr_path": "cargo",
      "broken": false,
      "derivation": "/nix/store/qc8prff92bhql591xnyy57si10nr81k6-cargo-1.78.0.drv",
      "description": "Downloads your Rust project's dependencies and builds your project",
      "install_id": "cargo",
      "license": "[ MIT, Apache-2.0 ]",
      "locked_url": "https://github.com/flox/nixpkgs?rev=b73c2221a46c13557b1b3be9c2070cc42cf01eb3",
      "name": "cargo-1.78.0",
      "pname": "cargo",
      "rev": "b73c2221a46c13557b1b3be9c2070cc42cf01eb3",
      "rev_count": 658304,
      "rev_date": "2024-07-27T06:49:29Z",
      "scrape_date": "2024-07-29T13:19:28Z",
      "unfree": false,
      "version": "1.78.0",
      "outputs_to_install": [
        "out"
      ],
      "outputs": {
        "out": "/nix/store/kshky69v2yk4id89xdq649rymyx6cn8n-cargo-1.78.0"
      },
      "system": "x86_64-linux",
      "group": "toplevel",
      "priority": 5
    },
    {
      "attr_path": "clang",
      "broken": false,
      "derivation": "/nix/store/d1m4rdk9x8ai6lrlk8gf1bn68h0aanqw-clang-wrapper-16.0.6.drv",
      "description": "C language family frontend for LLVM (wrapper script)",
      "install_id": "clang",
      "license": "NCSA",
      "locked_url": "https://github.com/flox/nixpkgs?rev=b73c2221a46c13557b1b3be9c2070cc42cf01eb3",
      "name": "clang-wrapper-16.0.6",
      "pname": "clang",
      "rev": "b73c2221a46c13557b1b3be9c2070cc42cf01eb3",
      "rev_count": 658304,
      "rev_date": "2024-07-27T06:49:29Z",
      "scrape_date": "2024-07-29T13:19:28Z",
      "unfree": false,
      "version": "16.0.6",
      "outputs_to_install": [
        "out"
      ],
      "outputs": {
        "out": "/nix/store/k8mrxviw965lv59hqbln3297jwfffm2w-clang-wrapper-16.0.6"
      },
      "system": "aarch64-darwin",
      "group": "toplevel",
      "priority": 5
    },
    {
      "attr_path": "clippy",
      "broken": false,
      "derivation": "/nix/store/lfiq5l2wvzbixincb8alscv8pr10jvsw-clippy-1.78.0.drv",
      "description": "Bunch of lints to catch common mistakes and improve your Rust code",
      "install_id": "clippy",
      "license": "[ MIT, Apache-2.0 ]",
      "locked_url": "https://github.com/flox/nixpkgs?rev=b73c2221a46c13557b1b3be9c2070cc42cf01eb3",
      "name": "clippy-1.78.0",
      "pname": "clippy",
      "rev": "b73c2221a46c13557b1b3be9c2070cc42cf01eb3",
      "rev_count": 658304,
      "rev_date": "2024-07-27T06:49:29Z",
      "scrape_date": "2024-07-29T13:19:28Z",
      "unfree": false,
      "version": "1.78.0",
      "outputs_to_install": [
        "out"
      ],
      "outputs": {
        "out": "/nix/store/g8aksy226rgqmbq3dqdzc08px8rsspx4-clippy-1.78.0"
      },
      "system": "aarch64-darwin",
      "group": "toplevel",
      "priority": 5
    },
    {
      "attr_path": "clippy",
      "broken": false,
      "derivation": "/nix/store/21kiwqg62s3zbjhlcwnp2ha9x2nvya1d-clippy-1.78.0.drv",
      "description": "Bunch of lints to catch common mistakes and improve your Rust code",
      "install_id": "clippy",
      "license": "[ MIT, Apache-2.0 ]",
      "locked_url": "https://github.com/flox/nixpkgs?rev=b73c2221a46c13557b1b3be9c2070cc42cf01eb3",
      "name": "clippy-1.78.0",
      "pname": "clippy",
      "rev": "b73c2221a46c13557b1b3be9c2070cc42cf01eb3",
      "rev_count": 658304,
      "rev_date": "2024-07-27T06:49:29Z",
      "scrape_date": "2024-07-29T13:19:28Z",
      "unfree": false,
      "version": "1.78.0",
      "outputs_to_install": [
        "out"
      ],
      "outputs": {
        "out": "/nix/store/2ar6k06krikb6dpk6912ry1bk0czvdyn-clippy-1.78.0"
      },
      "system": "x86_64-darwin",
      "group": "toplevel",
      "priority": 5
    },
    {
      "attr_path": "clippy",
      "broken": false,
      "derivation": "/nix/store/wjry4zw8xqliag54ympcxi6ncrxfxz2f-clippy-1.78.0.drv",
      "description": "Bunch of lints to catch common mistakes and improve your Rust code",
      "install_id": "clippy",
      "license": "[ MIT, Apache-2.0 ]",
      "locked_url": "https://github.com/flox/nixpkgs?rev=b73c2221a46c13557b1b3be9c2070cc42cf01eb3",
      "name": "clippy-1.78.0",
      "pname": "clippy",
      "rev": "b73c2221a46c13557b1b3be9c2070cc42cf01eb3",
      "rev_count": 658304,
      "rev_date": "2024-07-27T06:49:29Z",
      "scrape_date": "2024-07-29T13:19:28Z",
      "unfree": false,
      "version": "1.78.0",
      "outputs_to_install": [
        "out"
      ],
      "outputs": {
        "debug": "/nix/store/pc3qdd0z7s0gdk92yn13i7m43lgrnsky-clippy-1.78.0-debug",
        "out": "/nix/store/mnk16rficcjgvgxqn55b93vgfsxsg711-clippy-1.78.0"
      },
      "system": "aarch64-linux",
      "group": "toplevel",
      "priority": 5
    },
    {
      "attr_path": "clippy",
      "broken": false,
      "derivation": "/nix/store/47wlk52nxmrhggfr4gc6k7mbg320hkyb-clippy-1.78.0.drv",
      "description": "Bunch of lints to catch common mistakes and improve your Rust code",
      "install_id": "clippy",
      "license": "[ MIT, Apache-2.0 ]",
      "locked_url": "https://github.com/flox/nixpkgs?rev=b73c2221a46c13557b1b3be9c2070cc42cf01eb3",
      "name": "clippy-1.78.0",
      "pname": "clippy",
      "rev": "b73c2221a46c13557b1b3be9c2070cc42cf01eb3",
      "rev_count": 658304,
      "rev_date": "2024-07-27T06:49:29Z",
      "scrape_date": "2024-07-29T13:19:28Z",
      "unfree": false,
      "version": "1.78.0",
      "outputs_to_install": [
        "out"
      ],
      "outputs": {
        "debug": "/nix/store/pz85ssqxxpcwrsd9dbpf14wkdziw8j6d-clippy-1.78.0-debug",
        "out": "/nix/store/217hndhv75xizs9rpr9xafbsm1iq04wh-clippy-1.78.0"
      },
      "system": "x86_64-linux",
      "group": "toplevel",
      "priority": 5
    },
    {
      "attr_path": "gcc",
      "broken": false,
      "derivation": "/nix/store/ixm1fklw1xh1rpi57jpkv3gnfikkmf2v-gcc-wrapper-13.3.0.drv",
      "description": "GNU Compiler Collection, version 13.3.0 (wrapper script)",
      "install_id": "gcc",
      "license": "GPL-3.0-or-later",
      "locked_url": "https://github.com/flox/nixpkgs?rev=b73c2221a46c13557b1b3be9c2070cc42cf01eb3",
      "name": "gcc-wrapper-13.3.0",
      "pname": "gcc",
      "rev": "b73c2221a46c13557b1b3be9c2070cc42cf01eb3",
      "rev_count": 658304,
      "rev_date": "2024-07-27T06:49:29Z",
      "scrape_date": "2024-07-29T13:19:28Z",
      "unfree": false,
      "version": "13.3.0",
      "outputs_to_install": [
        "man",
        "out"
      ],
      "outputs": {
        "info": "/nix/store/l2pw8hmjb4bg6lj6lhkdci0fgqlahr1h-gcc-wrapper-13.3.0-info",
        "man": "/nix/store/s9spzd6qbrgva7dyir640m9abvg2rzy2-gcc-wrapper-13.3.0-man",
        "out": "/nix/store/pxgjyjhzrqyjqgx4b4pqc5xc550agj1w-gcc-wrapper-13.3.0"
      },
      "system": "aarch64-linux",
      "group": "toplevel",
      "priority": 5
    },
    {
      "attr_path": "gcc",
      "broken": false,
      "derivation": "/nix/store/wk1xhrwx5avp3a2lsw5n2q2nqxvqhxs7-gcc-wrapper-13.3.0.drv",
      "description": "GNU Compiler Collection, version 13.3.0 (wrapper script)",
      "install_id": "gcc",
      "license": "GPL-3.0-or-later",
      "locked_url": "https://github.com/flox/nixpkgs?rev=b73c2221a46c13557b1b3be9c2070cc42cf01eb3",
      "name": "gcc-wrapper-13.3.0",
      "pname": "gcc",
      "rev": "b73c2221a46c13557b1b3be9c2070cc42cf01eb3",
      "rev_count": 658304,
      "rev_date": "2024-07-27T06:49:29Z",
      "scrape_date": "2024-07-29T13:19:28Z",
      "unfree": false,
      "version": "13.3.0",
      "outputs_to_install": [
        "man",
        "out"
      ],
      "outputs": {
        "info": "/nix/store/xjdag6kxsh14f4z1bwf14xqx2q54rbcc-gcc-wrapper-13.3.0-info",
        "man": "/nix/store/vspxw4qkyx931hbcjhj6fiz4lcxfczvr-gcc-wrapper-13.3.0-man",
        "out": "/nix/store/kp2j7yn0wzwq5piy494r54dafrh83s6s-gcc-wrapper-13.3.0"
      },
      "system": "x86_64-linux",
      "group": "toplevel",
      "priority": 5
    },
    {
      "attr_path": "libiconv",
      "broken": false,
      "derivation": "/nix/store/isv7sa2jpxgyy3fg3x7hbzawyb9zvmy3-libiconv-99.drv",
      "description": "Iconv(3) implementation",
      "install_id": "libiconv",
      "license": "[ BSD-2-Clause, BSD-3-Clause, APSL-1.0 ]",
      "locked_url": "https://github.com/flox/nixpkgs?rev=b73c2221a46c13557b1b3be9c2070cc42cf01eb3",
      "name": "libiconv-99",
      "pname": "libiconv",
      "rev": "b73c2221a46c13557b1b3be9c2070cc42cf01eb3",
      "rev_count": 658304,
      "rev_date": "2024-07-27T06:49:29Z",
      "scrape_date": "2024-07-29T13:19:28Z",
      "unfree": false,
      "version": "99",
      "outputs_to_install": [
        "out"
      ],
      "outputs": {
        "dev": "/nix/store/ddlxlq7cmqp2kpxi7wcskmk2d2ygn8d6-libiconv-99-dev",
        "out": "/nix/store/pb4vbsfgdik0qizna8vrdzk0jv746rgy-libiconv-99"
      },
      "system": "aarch64-darwin",
      "group": "toplevel",
      "priority": 5
    },
    {
      "attr_path": "libiconv",
      "broken": false,
      "derivation": "/nix/store/mphf9b6py35dqmjj0kj61rzplq9imqvq-libiconv-99.drv",
      "description": "Iconv(3) implementation",
      "install_id": "libiconv",
      "license": "[ BSD-2-Clause, BSD-3-Clause, APSL-1.0 ]",
      "locked_url": "https://github.com/flox/nixpkgs?rev=b73c2221a46c13557b1b3be9c2070cc42cf01eb3",
      "name": "libiconv-99",
      "pname": "libiconv",
      "rev": "b73c2221a46c13557b1b3be9c2070cc42cf01eb3",
      "rev_count": 658304,
      "rev_date": "2024-07-27T06:49:29Z",
      "scrape_date": "2024-07-29T13:19:28Z",
      "unfree": false,
      "version": "99",
      "outputs_to_install": [
        "out"
      ],
      "outputs": {
        "dev": "/nix/store/b5q63ha9kv645npscj40slr90pbzsd96-libiconv-99-dev",
        "out": "/nix/store/nx4wk3zf054hldhq41q9iy0dqigqfhq0-libiconv-99"
      },
      "system": "x86_64-darwin",
      "group": "toplevel",
      "priority": 5
    },
    {
      "attr_path": "rustPlatform.rustLibSrc",
      "broken": false,
      "derivation": "/nix/store/s6ilmalyk0dr20b34iwjwz6g28nd1a0w-rust-lib-src.drv",
      "install_id": "rust-lib-src",
      "locked_url": "https://github.com/flox/nixpkgs?rev=b73c2221a46c13557b1b3be9c2070cc42cf01eb3",
      "name": "rust-lib-src",
      "pname": "rustLibSrc",
      "rev": "b73c2221a46c13557b1b3be9c2070cc42cf01eb3",
      "rev_count": 658304,
      "rev_date": "2024-07-27T06:49:29Z",
      "scrape_date": "2024-07-29T13:19:28Z",
      "unfree": false,
      "version": "rust-lib-src",
      "outputs_to_install": [
        "out"
      ],
      "outputs": {
        "out": "/nix/store/mw29ky3zzw9drnv7plnqaq7y8szih9zf-rust-lib-src"
      },
      "system": "aarch64-darwin",
      "group": "toplevel",
      "priority": 5
    },
    {
      "attr_path": "rustPlatform.rustLibSrc",
      "broken": false,
      "derivation": "/nix/store/kvsz6x0j18s81q3cwbfyl50jn9shgdm0-rust-lib-src.drv",
      "install_id": "rust-lib-src",
      "locked_url": "https://github.com/flox/nixpkgs?rev=b73c2221a46c13557b1b3be9c2070cc42cf01eb3",
      "name": "rust-lib-src",
      "pname": "rustLibSrc",
      "rev": "b73c2221a46c13557b1b3be9c2070cc42cf01eb3",
      "rev_count": 658304,
      "rev_date": "2024-07-27T06:49:29Z",
      "scrape_date": "2024-07-29T13:19:28Z",
      "unfree": false,
      "version": "rust-lib-src",
      "outputs_to_install": [
        "out"
      ],
      "outputs": {
        "out": "/nix/store/ydqyk82f778h1kgd1g53816sbwmrqqbf-rust-lib-src"
      },
      "system": "x86_64-darwin",
      "group": "toplevel",
      "priority": 5
    },
    {
      "attr_path": "rustPlatform.rustLibSrc",
      "broken": false,
      "derivation": "/nix/store/i40h5m68vpxj4kvlp0fg5c9zmlwngv5d-rust-lib-src.drv",
      "install_id": "rust-lib-src",
      "locked_url": "https://github.com/flox/nixpkgs?rev=b73c2221a46c13557b1b3be9c2070cc42cf01eb3",
      "name": "rust-lib-src",
      "pname": "rustLibSrc",
      "rev": "b73c2221a46c13557b1b3be9c2070cc42cf01eb3",
      "rev_count": 658304,
      "rev_date": "2024-07-27T06:49:29Z",
      "scrape_date": "2024-07-29T13:19:28Z",
      "unfree": false,
      "version": "rust-lib-src",
      "outputs_to_install": [
        "out"
      ],
      "outputs": {
        "out": "/nix/store/yaymnbxma464ddsizbm9bvggj7p9f1gb-rust-lib-src"
      },
      "system": "aarch64-linux",
      "group": "toplevel",
      "priority": 5
    },
    {
      "attr_path": "rustPlatform.rustLibSrc",
      "broken": false,
      "derivation": "/nix/store/nmvclfp05xf0x3l7r0dhvf61bdrq97n8-rust-lib-src.drv",
      "install_id": "rust-lib-src",
      "locked_url": "https://github.com/flox/nixpkgs?rev=b73c2221a46c13557b1b3be9c2070cc42cf01eb3",
      "name": "rust-lib-src",
      "pname": "rustLibSrc",
      "rev": "b73c2221a46c13557b1b3be9c2070cc42cf01eb3",
      "rev_count": 658304,
      "rev_date": "2024-07-27T06:49:29Z",
      "scrape_date": "2024-07-29T13:19:28Z",
      "unfree": false,
      "version": "rust-lib-src",
      "outputs_to_install": [
        "out"
      ],
      "outputs": {
        "out": "/nix/store/bhxgn85hxkrrcam3h45lr9s33gph15vs-rust-lib-src"
      },
      "system": "x86_64-linux",
      "group": "toplevel",
      "priority": 5
    },
    {
      "attr_path": "rustc",
      "broken": false,
      "derivation": "/nix/store/lslkbnx4wxjvxwnlwx0xcwazdy05cr9k-rustc-wrapper-1.78.0.drv",
      "description": "Safe, concurrent, practical language (wrapper script)",
      "install_id": "rustc",
      "license": "[ MIT, Apache-2.0 ]",
      "locked_url": "https://github.com/flox/nixpkgs?rev=b73c2221a46c13557b1b3be9c2070cc42cf01eb3",
      "name": "rustc-wrapper-1.78.0",
      "pname": "rustc",
      "rev": "b73c2221a46c13557b1b3be9c2070cc42cf01eb3",
      "rev_count": 658304,
      "rev_date": "2024-07-27T06:49:29Z",
      "scrape_date": "2024-07-29T13:19:28Z",
      "unfree": false,
      "version": "1.78.0",
      "outputs_to_install": [
        "man",
        "out"
      ],
      "outputs": {
        "doc": "/nix/store/ivy1a1bfdik6rgdf36h9d998mk22jpnf-rustc-wrapper-1.78.0-doc",
        "man": "/nix/store/7hh60rfm9q34q2lr70df2mvzzd3qd66s-rustc-wrapper-1.78.0-man",
        "out": "/nix/store/ljcsv86sz9jajcirz4b0bpwhbn9xfhm6-rustc-wrapper-1.78.0"
      },
      "system": "aarch64-darwin",
      "group": "toplevel",
      "priority": 5
    },
    {
      "attr_path": "rustc",
      "broken": false,
      "derivation": "/nix/store/cgw5fql6ygfyr1qmfy6gdj854fkv35lb-rustc-wrapper-1.78.0.drv",
      "description": "Safe, concurrent, practical language (wrapper script)",
      "install_id": "rustc",
      "license": "[ MIT, Apache-2.0 ]",
      "locked_url": "https://github.com/flox/nixpkgs?rev=b73c2221a46c13557b1b3be9c2070cc42cf01eb3",
      "name": "rustc-wrapper-1.78.0",
      "pname": "rustc",
      "rev": "b73c2221a46c13557b1b3be9c2070cc42cf01eb3",
      "rev_count": 658304,
      "rev_date": "2024-07-27T06:49:29Z",
      "scrape_date": "2024-07-29T13:19:28Z",
      "unfree": false,
      "version": "1.78.0",
      "outputs_to_install": [
        "man",
        "out"
      ],
      "outputs": {
        "doc": "/nix/store/4g45dgrrqxdv0b310abdjr9l016lsafl-rustc-wrapper-1.78.0-doc",
        "man": "/nix/store/ssyizqiqygjzadxwilxp47yll4rm8lj3-rustc-wrapper-1.78.0-man",
        "out": "/nix/store/v6vw0am056i5fk843sjn3alwcx1ckyd5-rustc-wrapper-1.78.0"
      },
      "system": "x86_64-darwin",
      "group": "toplevel",
      "priority": 5
    },
    {
      "attr_path": "rustc",
      "broken": false,
      "derivation": "/nix/store/326yz11qwza4aksh4ldwav6w0j3v5jcp-rustc-wrapper-1.78.0.drv",
      "description": "Safe, concurrent, practical language (wrapper script)",
      "install_id": "rustc",
      "license": "[ MIT, Apache-2.0 ]",
      "locked_url": "https://github.com/flox/nixpkgs?rev=b73c2221a46c13557b1b3be9c2070cc42cf01eb3",
      "name": "rustc-wrapper-1.78.0",
      "pname": "rustc",
      "rev": "b73c2221a46c13557b1b3be9c2070cc42cf01eb3",
      "rev_count": 658304,
      "rev_date": "2024-07-27T06:49:29Z",
      "scrape_date": "2024-07-29T13:19:28Z",
      "unfree": false,
      "version": "1.78.0",
      "outputs_to_install": [
        "man",
        "out"
      ],
      "outputs": {
        "doc": "/nix/store/rs9x0msjz6aka8a2ckw09c1wsvf2ddj5-rustc-wrapper-1.78.0-doc",
        "man": "/nix/store/8n30dkgbdx5xk7j4f9gcdskbjl15nvaa-rustc-wrapper-1.78.0-man",
        "out": "/nix/store/43b76miff9vmsmc8il5aywsqnwjlh8qi-rustc-wrapper-1.78.0"
      },
      "system": "aarch64-linux",
      "group": "toplevel",
      "priority": 5
    },
    {
      "attr_path": "rustc",
      "broken": false,
      "derivation": "/nix/store/fmvv527g4060rk0ls9xfdw74079dz122-rustc-wrapper-1.78.0.drv",
      "description": "Safe, concurrent, practical language (wrapper script)",
      "install_id": "rustc",
      "license": "[ MIT, Apache-2.0 ]",
      "locked_url": "https://github.com/flox/nixpkgs?rev=b73c2221a46c13557b1b3be9c2070cc42cf01eb3",
      "name": "rustc-wrapper-1.78.0",
      "pname": "rustc",
      "rev": "b73c2221a46c13557b1b3be9c2070cc42cf01eb3",
      "rev_count": 658304,
      "rev_date": "2024-07-27T06:49:29Z",
      "scrape_date": "2024-07-29T13:19:28Z",
      "unfree": false,
      "version": "1.78.0",
      "outputs_to_install": [
        "man",
        "out"
      ],
      "outputs": {
        "doc": "/nix/store/6js2m17jr72hlw3xa45ry640v20d2y3m-rustc-wrapper-1.78.0-doc",
        "man": "/nix/store/95fvm1swnp1czb4yzji8dlnfxbnzqfdx-rustc-wrapper-1.78.0-man",
        "out": "/nix/store/rrkrljh8i5wpvlqflygw5jzw6cvvrym3-rustc-wrapper-1.78.0"
      },
      "system": "x86_64-linux",
      "group": "toplevel",
      "priority": 5
    },
    {
      "attr_path": "rustfmt",
      "broken": false,
      "derivation": "/nix/store/wf809x1jw19d2aaxfi6khx5c1zj3d6pg-rustfmt-1.78.0.drv",
      "description": "Tool for formatting Rust code according to style guidelines",
      "install_id": "rustfmt",
      "license": "[ MIT, Apache-2.0 ]",
      "locked_url": "https://github.com/flox/nixpkgs?rev=b73c2221a46c13557b1b3be9c2070cc42cf01eb3",
      "name": "rustfmt-1.78.0",
      "pname": "rustfmt",
      "rev": "b73c2221a46c13557b1b3be9c2070cc42cf01eb3",
      "rev_count": 658304,
      "rev_date": "2024-07-27T06:49:29Z",
      "scrape_date": "2024-07-29T13:19:28Z",
      "unfree": false,
      "version": "1.78.0",
      "outputs_to_install": [
        "out"
      ],
      "outputs": {
        "out": "/nix/store/6z4jhc0dsqpna8ynp5m7gd2s6nnrmg75-rustfmt-1.78.0"
      },
      "system": "aarch64-darwin",
      "group": "toplevel",
      "priority": 5
    },
    {
      "attr_path": "rustfmt",
      "broken": false,
      "derivation": "/nix/store/r5paj7j1d5csvmg6q4zvkw6j1fv21hfy-rustfmt-1.78.0.drv",
      "description": "Tool for formatting Rust code according to style guidelines",
      "install_id": "rustfmt",
      "license": "[ MIT, Apache-2.0 ]",
      "locked_url": "https://github.com/flox/nixpkgs?rev=b73c2221a46c13557b1b3be9c2070cc42cf01eb3",
      "name": "rustfmt-1.78.0",
      "pname": "rustfmt",
      "rev": "b73c2221a46c13557b1b3be9c2070cc42cf01eb3",
      "rev_count": 658304,
      "rev_date": "2024-07-27T06:49:29Z",
      "scrape_date": "2024-07-29T13:19:28Z",
      "unfree": false,
      "version": "1.78.0",
      "outputs_to_install": [
        "out"
      ],
      "outputs": {
        "out": "/nix/store/k37frd9si0znhh793mh04vq2grm7qbxx-rustfmt-1.78.0"
      },
      "system": "x86_64-darwin",
      "group": "toplevel",
      "priority": 5
    },
    {
      "attr_path": "rustfmt",
      "broken": false,
      "derivation": "/nix/store/2x93m4y9x5xxcaw4p4sjcn1blr0kiqnj-rustfmt-1.78.0.drv",
      "description": "Tool for formatting Rust code according to style guidelines",
      "install_id": "rustfmt",
      "license": "[ MIT, Apache-2.0 ]",
      "locked_url": "https://github.com/flox/nixpkgs?rev=b73c2221a46c13557b1b3be9c2070cc42cf01eb3",
      "name": "rustfmt-1.78.0",
      "pname": "rustfmt",
      "rev": "b73c2221a46c13557b1b3be9c2070cc42cf01eb3",
      "rev_count": 658304,
      "rev_date": "2024-07-27T06:49:29Z",
      "scrape_date": "2024-07-29T13:19:28Z",
      "unfree": false,
      "version": "1.78.0",
      "outputs_to_install": [
        "out"
      ],
      "outputs": {
        "out": "/nix/store/gf265zgz3zfp7drv2k0lsa93yvbqzjmz-rustfmt-1.78.0"
      },
      "system": "aarch64-linux",
      "group": "toplevel",
      "priority": 5
    },
    {
      "attr_path": "rustfmt",
      "broken": false,
      "derivation": "/nix/store/25plwvnpj6cw8zq44yixyibij6gawbmq-rustfmt-1.78.0.drv",
      "description": "Tool for formatting Rust code according to style guidelines",
      "install_id": "rustfmt",
      "license": "[ MIT, Apache-2.0 ]",
      "locked_url": "https://github.com/flox/nixpkgs?rev=b73c2221a46c13557b1b3be9c2070cc42cf01eb3",
      "name": "rustfmt-1.78.0",
      "pname": "rustfmt",
      "rev": "b73c2221a46c13557b1b3be9c2070cc42cf01eb3",
      "rev_count": 658304,
      "rev_date": "2024-07-27T06:49:29Z",
      "scrape_date": "2024-07-29T13:19:28Z",
      "unfree": false,
      "version": "1.78.0",
      "outputs_to_install": [
        "out"
      ],
      "outputs": {
        "out": "/nix/store/d6ivdfi6k55bihn9jyk9ghfixyak2gld-rustfmt-1.78.0"
      },
      "system": "x86_64-linux",
      "group": "toplevel",
      "priority": 5
    }
  ]
}