{
  "lockfile-version": 1,
  "manifest": {
    "version": 1,
    "install": {
      "bacon": {
        "pkg-path": "bacon",
        "pkg-group": "extra"
      },
      "cargo": {
        "pkg-path": "cargo"
      },
      "cargo-nextest": {
        "pkg-path": "cargo-nextest",
        "pkg-group": "extra"
      },
      "clang": {
        "pkg-path": "clang",
        "systems": [
          "aarch64-darwin",
          "x86_64-darwin"
        ]
      },
      "clippy": {
        "pkg-path": "clippy",
        "pkg-group": "extra"
      },
      "gcc": {
        "pkg-path": "gcc",
        "systems": [
          "aarch64-linux",
          "x86_64-linux"
        ]
      },
      "libiconv": {
        "pkg-path": "libiconv",
        "systems": [
          "aarch64-darwin",
          "x86_64-darwin"
        ]
      },
      "pkg-config": {
        "pkg-path": "pkg-config"
      },
      "rust-analyzer": {
        "pkg-path": "rust-analyzer",
        "pkg-group": "extra"
      },
      "rust-lib-src": {
        "pkg-path": "rustPlatform.rustLibSrc",
        "pkg-group": "extra"
      },
      "rustc": {
        "pkg-path": "rustc"
      },
      "rustfmt": {
        "pkg-path": "rustfmt",
        "pkg-group": "extra"
      }
    },
    "vars": {
      "BIN_NAME": "ff"
    },
    "hook": {
      "on-activate": "  export PATH=\"$PWD/target/debug:$PATH\"\n"
    },
    "profile": {
      "fish": " abbr install-bin \"cargo b -r && cp target/release/$BIN_NAME ~/bin/$BIN_NAME\"\n"
    },
    "options": {
      "cuda-detection": false
    },
    "build": {
      "ffs": {
        "command": "  mkdir -p $out/bin\n  cargo build --release\n  cp target/release/ff $out/bin/ff\n",
        "runtime-packages": [
          "libiconv"
        ],
        "version": "0.2.2",
        "description": "A swiss-army knife for working on Flox"
      }
    }
  },
  "packages": [
    {
      "attr_path": "bacon",
      "broken": false,
      "derivation": "/nix/store/d0bvglfr22jh2yplzda8rnxflb79qm12-bacon-3.16.0.drv",
      "description": "Background rust code checker",
      "install_id": "bacon",
      "license": "AGPL-3.0-only",
      "locked_url": "https://github.com/flox/nixpkgs?rev=dc9637876d0dcc8c9e5e22986b857632effeb727",
      "name": "bacon-3.16.0",
      "pname": "bacon",
      "rev": "dc9637876d0dcc8c9e5e22986b857632effeb727",
      "rev_count": 836203,
      "rev_date": "2025-07-28T09:26:29Z",
      "scrape_date": "2025-07-30T00:28:04.779291Z",
      "stabilities": [
        "unstable"
      ],
      "unfree": false,
      "version": "3.16.0",
      "outputs_to_install": [
        "out"
      ],
      "outputs": {
        "out": "/nix/store/ll4bgh5qb735i8dmn62v8zzv4npi6h7y-bacon-3.16.0"
      },
      "system": "aarch64-darwin",
      "group": "extra",
      "priority": 5
    },
    {
      "attr_path": "bacon",
      "broken": false,
      "derivation": "/nix/store/0z8pz1myqd226j20gvlhqljz3y2285ar-bacon-3.16.0.drv",
      "description": "Background rust code checker",
      "install_id": "bacon",
      "license": "AGPL-3.0-only",
      "locked_url": "https://github.com/flox/nixpkgs?rev=dc9637876d0dcc8c9e5e22986b857632effeb727",
      "name": "bacon-3.16.0",
      "pname": "bacon",
      "rev": "dc9637876d0dcc8c9e5e22986b857632effeb727",
      "rev_count": 836203,
      "rev_date": "2025-07-28T09:26:29Z",
      "scrape_date": "2025-07-30T00:47:40.286503Z",
      "stabilities": [
        "unstable"
      ],
      "unfree": false,
      "version": "3.16.0",
      "outputs_to_install": [
        "out"
      ],
      "outputs": {
        "out": "/nix/store/gdfpcw20nalpflhk7j516jzh455rvlpk-bacon-3.16.0"
      },
      "system": "aarch64-linux",
      "group": "extra",
      "priority": 5
    },
    {
      "attr_path": "bacon",
      "broken": false,
      "derivation": "/nix/store/ljgwwq0h8zbdcd0fpq7ilw4xavkw2392-bacon-3.16.0.drv",
      "description": "Background rust code checker",
      "install_id": "bacon",
      "license": "AGPL-3.0-only",
      "locked_url": "https://github.com/flox/nixpkgs?rev=dc9637876d0dcc8c9e5e22986b857632effeb727",
      "name": "bacon-3.16.0",
      "pname": "bacon",
      "rev": "dc9637876d0dcc8c9e5e22986b857632effeb727",
      "rev_count": 836203,
      "rev_date": "2025-07-28T09:26:29Z",
      "scrape_date": "2025-07-30T01:07:25.086637Z",
      "stabilities": [
        "unstable"
      ],
      "unfree": false,
      "version": "3.16.0",
      "outputs_to_install": [
        "out"
      ],
      "outputs": {
        "out": "/nix/store/xc49gfv84l44w74zp178502043gqs2ah-bacon-3.16.0"
      },
      "system": "x86_64-darwin",
      "group": "extra",
      "priority": 5
    },
    {
      "attr_path": "bacon",
      "broken": false,
      "derivation": "/nix/store/175rmibzy3a07dyj64pyzv7ir8xs7cvq-bacon-3.16.0.drv",
      "description": "Background rust code checker",
      "install_id": "bacon",
      "license": "AGPL-3.0-only",
      "locked_url": "https://github.com/flox/nixpkgs?rev=dc9637876d0dcc8c9e5e22986b857632effeb727",
      "name": "bacon-3.16.0",
      "pname": "bacon",
      "rev": "dc9637876d0dcc8c9e5e22986b857632effeb727",
      "rev_count": 836203,
      "rev_date": "2025-07-28T09:26:29Z",
      "scrape_date": "2025-07-30T01:31:20.139237Z",
      "stabilities": [
        "unstable"
      ],
      "unfree": false,
      "version": "3.16.0",
      "outputs_to_install": [
        "out"
      ],
      "outputs": {
        "out": "/nix/store/2fa5i2mc1549w17hdf0kkln1s9z6czyq-bacon-3.16.0"
      },
      "system": "x86_64-linux",
      "group": "extra",
      "priority": 5
    },
    {
      "attr_path": "cargo-nextest",
      "broken": false,
      "derivation": "/nix/store/5kgk2qxc3ghzn7m3n13hdssjqcyhj45j-cargo-nextest-0.9.101.drv",
      "description": "Next-generation test runner for Rust projects",
      "install_id": "cargo-nextest",
      "license": "[ MIT, Apache-2.0 ]",
      "locked_url": "https://github.com/flox/nixpkgs?rev=dc9637876d0dcc8c9e5e22986b857632effeb727",
      "name": "cargo-nextest-0.9.101",
      "pname": "cargo-nextest",
      "rev": "dc9637876d0dcc8c9e5e22986b857632effeb727",
      "rev_count": 836203,
      "rev_date": "2025-07-28T09:26:29Z",
      "scrape_date": "2025-07-30T00:28:04.860721Z",
      "stabilities": [
        "unstable"
      ],
      "unfree": false,
      "version": "0.9.101",
      "outputs_to_install": [
        "out"
      ],
      "outputs": {
        "out": "/nix/store/c6s347355k1hazbi0vxjxcrd0dsjs2hw-cargo-nextest-0.9.101"
      },
      "system": "aarch64-darwin",
      "group": "extra",
      "priority": 5
    },
    {
      "attr_path": "cargo-nextest",
      "broken": false,
      "derivation": "/nix/store/5krs6634r0rf8dvy5r040y78f13njv8m-cargo-nextest-0.9.101.drv",
      "description": "Next-generation test runner for Rust projects",
      "install_id": "cargo-nextest",
      "license": "[ MIT, Apache-2.0 ]",
      "locked_url": "https://github.com/flox/nixpkgs?rev=dc9637876d0dcc8c9e5e22986b857632effeb727",
      "name": "cargo-nextest-0.9.101",
      "pname": "cargo-nextest",
      "rev": "dc9637876d0dcc8c9e5e22986b857632effeb727",
      "rev_count": 836203,
      "rev_date": "2025-07-28T09:26:29Z",
      "scrape_date": "2025-07-30T00:47:40.408032Z",
      "stabilities": [
        "unstable"
      ],
      "unfree": false,
      "version": "0.9.101",
      "outputs_to_install": [
        "out"
      ],
      "outputs": {
        "out": "/nix/store/da6zsqcybahaghxx2y2j23kl7r47xdlw-cargo-nextest-0.9.101"
      },
      "system": "aarch64-linux",
      "group": "extra",
      "priority": 5
    },
    {
      "attr_path": "cargo-nextest",
      "broken": false,
      "derivation": "/nix/store/j30fldy48m38fypinbr9vszcgm8fb7x2-cargo-nextest-0.9.101.drv",
      "description": "Next-generation test runner for Rust projects",
      "install_id": "cargo-nextest",
      "license": "[ MIT, Apache-2.0 ]",
      "locked_url": "https://github.com/flox/nixpkgs?rev=dc9637876d0dcc8c9e5e22986b857632effeb727",
      "name": "cargo-nextest-0.9.101",
      "pname": "cargo-nextest",
      "rev": "dc9637876d0dcc8c9e5e22986b857632effeb727",
      "rev_count": 836203,
      "rev_date": "2025-07-28T09:26:29Z",
      "scrape_date": "2025-07-30T01:07:25.169309Z",
      "stabilities": [
        "unstable"
      ],
      "unfree": false,
      "version": "0.9.101",
      "outputs_to_install": [
        "out"
      ],
      "outputs": {
        "out": "/nix/store/chbf51zhpd720c1p0jnbsxw9gbq6nscz-cargo-nextest-0.9.101"
      },
      "system": "x86_64-darwin",
      "group": "extra",
      "priority": 5
    },
    {
      "attr_path": "cargo-nextest",
      "broken": false,
      "derivation": "/nix/store/7iwqr71qwbvqhy8mr21b2dpglnlqnqiv-cargo-nextest-0.9.101.drv",
      "description": "Next-generation test runner for Rust projects",
      "install_id": "cargo-nextest",
      "license": "[ MIT, Apache-2.0 ]",
      "locked_url": "https://github.com/flox/nixpkgs?rev=dc9637876d0dcc8c9e5e22986b857632effeb727",
      "name": "cargo-nextest-0.9.101",
      "pname": "cargo-nextest",
      "rev": "dc9637876d0dcc8c9e5e22986b857632effeb727",
      "rev_count": 836203,
      "rev_date": "2025-07-28T09:26:29Z",
      "scrape_date": "2025-07-30T01:31:20.276155Z",
      "stabilities": [
        "unstable"
      ],
      "unfree": false,
      "version": "0.9.101",
      "outputs_to_install": [
        "out"
      ],
      "outputs": {
        "out": "/nix/store/dfsg9phazb7xqll2sk2x23bybprv6h8a-cargo-nextest-0.9.101"
      },
      "system": "x86_64-linux",
      "group": "extra",
      "priority": 5
    },
    {
      "attr_path": "clippy",
      "broken": false,
      "derivation": "/nix/store/2fwf8kfm8nbjmg32ibic49an0hrfg560-clippy-1.88.0.drv",
      "description": "Bunch of lints to catch common mistakes and improve your Rust code",
      "install_id": "clippy",
      "license": "[ MIT, Apache-2.0 ]",
      "locked_url": "https://github.com/flox/nixpkgs?rev=dc9637876d0dcc8c9e5e22986b857632effeb727",
      "name": "clippy-1.88.0",
      "pname": "clippy",
      "rev": "dc9637876d0dcc8c9e5e22986b857632effeb727",
      "rev_count": 836203,
      "rev_date": "2025-07-28T09:26:29Z",
      "scrape_date": "2025-07-30T00:28:04.992836Z",
      "stabilities": [
        "unstable"
      ],
      "unfree": false,
      "version": "1.88.0",
      "outputs_to_install": [
        "out"
      ],
      "outputs": {
        "out": "/nix/store/20qxk0y4g7ic0d25nkyrcdkq9lmv7rsd-clippy-1.88.0"
      },
      "system": "aarch64-darwin",
      "group": "extra",
      "priority": 5
    },
    {
      "attr_path": "clippy",
      "broken": false,
      "derivation": "/nix/store/zmkx2ip1xfdrhanj7llv9c04ppj977fd-clippy-1.88.0.drv",
      "description": "Bunch of lints to catch common mistakes and improve your Rust code",
      "install_id": "clippy",
      "license": "[ MIT, Apache-2.0 ]",
      "locked_url": "https://github.com/flox/nixpkgs?rev=dc9637876d0dcc8c9e5e22986b857632effeb727",
      "name": "clippy-1.88.0",
      "pname": "clippy",
      "rev": "dc9637876d0dcc8c9e5e22986b857632effeb727",
      "rev_count": 836203,
      "rev_date": "2025-07-28T09:26:29Z",
      "scrape_date": "2025-07-30T00:47:40.580480Z",
      "stabilities": [
        "unstable"
      ],
      "unfree": false,
      "version": "1.88.0",
      "outputs_to_install": [
        "out"
      ],
      "outputs": {
        "debug": "/nix/store/vflr32izkxnkd8v69xrxzgfnjxvcav14-clippy-1.88.0-debug",
        "out": "/nix/store/br780x98g90f52dlss36zgizzjv2fr5q-clippy-1.88.0"
      },
      "system": "aarch64-linux",
      "group": "extra",
      "priority": 5
    },
    {
      "attr_path": "clippy",
      "broken": false,
      "derivation": "/nix/store/m0xjwr531n829m706bfv7xqwb3wmq7wy-clippy-1.88.0.drv",
      "description": "Bunch of lints to catch common mistakes and improve your Rust code",
      "install_id": "clippy",
      "license": "[ MIT, Apache-2.0 ]",
      "locked_url": "https://github.com/flox/nixpkgs?rev=dc9637876d0dcc8c9e5e22986b857632effeb727",
      "name": "clippy-1.88.0",
      "pname": "clippy",
      "rev": "dc9637876d0dcc8c9e5e22986b857632effeb727",
      "rev_count": 836203,
      "rev_date": "2025-07-28T09:26:29Z",
      "scrape_date": "2025-07-30T01:07:25.303385Z",
      "stabilities": [
        "unstable"
      ],
      "unfree": false,
      "version": "1.88.0",
      "outputs_to_install": [
        "out"
      ],
      "outputs": {
        "out": "/nix/store/rg7mdv096hv47sz82x79sii4dxzpky7f-clippy-1.88.0"
      },
      "system": "x86_64-darwin",
      "group": "extra",
      "priority": 5
    },
    {
      "attr_path": "clippy",
      "broken": false,
      "derivation": "/nix/store/cmlzh06bmr3xs9zcgzpn3m9s76wcy2ym-clippy-1.88.0.drv",
      "description": "Bunch of lints to catch common mistakes and improve your Rust code",
      "install_id": "clippy",
      "license": "[ MIT, Apache-2.0 ]",
      "locked_url": "https://github.com/flox/nixpkgs?rev=dc9637876d0dcc8c9e5e22986b857632effeb727",
      "name": "clippy-1.88.0",
      "pname": "clippy",
      "rev": "dc9637876d0dcc8c9e5e22986b857632effeb727",
      "rev_count": 836203,
      "rev_date": "2025-07-28T09:26:29Z",
      "scrape_date": "2025-07-30T01:31:20.463370Z",
      "stabilities": [
        "unstable"
      ],
      "unfree": false,
      "version": "1.88.0",
      "outputs_to_install": [
        "out"
      ],
      "outputs": {
        "debug": "/nix/store/q3rv3l0bbq0v132cr7z2avmlami10izd-clippy-1.88.0-debug",
        "out": "/nix/store/69r97yvadjf8agnagrq0jzyfnz20c7p3-clippy-1.88.0"
      },
      "system": "x86_64-linux",
      "group": "extra",
      "priority": 5
    },
    {
      "attr_path": "rust-analyzer",
      "broken": false,
      "derivation": "/nix/store/3ylg47dx1vivpd7lrvcmmiwcxgh8y2wk-rust-analyzer-2025-07-21.drv",
      "description": "Modular compiler frontend for the Rust language",
      "install_id": "rust-analyzer",
      "license": "[ MIT, Apache-2.0 ]",
      "locked_url": "https://github.com/flox/nixpkgs?rev=dc9637876d0dcc8c9e5e22986b857632effeb727",
      "name": "rust-analyzer-2025-07-21",
      "pname": "rust-analyzer",
      "rev": "dc9637876d0dcc8c9e5e22986b857632effeb727",
      "rev_count": 836203,
      "rev_date": "2025-07-28T09:26:29Z",
      "scrape_date": "2025-07-30T00:28:38.588831Z",
      "stabilities": [
        "unstable"
      ],
      "unfree": false,
      "version": "2025-07-21",
      "outputs_to_install": [
        "out"
      ],
      "outputs": {
        "out": "/nix/store/bxqfz9f459nj55bl11jrr12s9rizs0ss-rust-analyzer-2025-07-21"
      },
      "system": "aarch64-darwin",
      "group": "extra",
      "priority": 5
    },
    {
      "attr_path": "rust-analyzer",
      "broken": false,
      "derivation": "/nix/store/9zsp3d4500nr98xc6km0hdlcm4c3aq40-rust-analyzer-2025-07-21.drv",
      "description": "Modular compiler frontend for the Rust language",
      "install_id": "rust-analyzer",
      "license": "[ MIT, Apache-2.0 ]",
      "locked_url": "https://github.com/flox/nixpkgs?rev=dc9637876d0dcc8c9e5e22986b857632effeb727",
      "name": "rust-analyzer-2025-07-21",
      "pname": "rust-analyzer",
      "rev": "dc9637876d0dcc8c9e5e22986b857632effeb727",
      "rev_count": 836203,
      "rev_date": "2025-07-28T09:26:29Z",
      "scrape_date": "2025-07-30T00:48:37.132282Z",
      "stabilities": [
        "unstable"
      ],
      "unfree": false,
      "version": "2025-07-21",
      "outputs_to_install": [
        "out"
      ],
      "outputs": {
        "out": "/nix/store/1v8nv59h9kk52l2ghgw1g3jf3a5pg5hk-rust-analyzer-2025-07-21"
      },
      "system": "aarch64-linux",
      "group": "extra",
      "priority": 5
    },
    {
      "attr_path": "rust-analyzer",
      "broken": false,
      "derivation": "/nix/store/2da03q9lcjaxs630jldm29zkxln9d3vx-rust-analyzer-2025-07-21.drv",
      "description": "Modular compiler frontend for the Rust language",
      "install_id": "rust-analyzer",
      "license": "[ MIT, Apache-2.0 ]",
      "locked_url": "https://github.com/flox/nixpkgs?rev=dc9637876d0dcc8c9e5e22986b857632effeb727",
      "name": "rust-analyzer-2025-07-21",
      "pname": "rust-analyzer",
      "rev": "dc9637876d0dcc8c9e5e22986b857632effeb727",
      "rev_count": 836203,
      "rev_date": "2025-07-28T09:26:29Z",
      "scrape_date": "2025-07-30T01:07:59.078779Z",
      "stabilities": [
        "unstable"
      ],
      "unfree": false,
      "version": "2025-07-21",
      "outputs_to_install": [
        "out"
      ],
      "outputs": {
        "out": "/nix/store/0qankfsm2marxa5fnahrmldq7fvcvnys-rust-analyzer-2025-07-21"
      },
      "system": "x86_64-darwin",
      "group": "extra",
      "priority": 5
    },
    {
      "attr_path": "rust-analyzer",
      "broken": false,
      "derivation": "/nix/store/m5p3bn90ybzig9cqqxwmcsygg3zjis74-rust-analyzer-2025-07-21.drv",
      "description": "Modular compiler frontend for the Rust language",
      "install_id": "rust-analyzer",
      "license": "[ MIT, Apache-2.0 ]",
      "locked_url": "https://github.com/flox/nixpkgs?rev=dc9637876d0dcc8c9e5e22986b857632effeb727",
      "name": "rust-analyzer-2025-07-21",
      "pname": "rust-analyzer",
      "rev": "dc9637876d0dcc8c9e5e22986b857632effeb727",
      "rev_count": 836203,
      "rev_date": "2025-07-28T09:26:29Z",
      "scrape_date": "2025-07-30T01:32:21.582091Z",
      "stabilities": [
        "unstable"
      ],
      "unfree": false,
      "version": "2025-07-21",
      "outputs_to_install": [
        "out"
      ],
      "outputs": {
        "out": "/nix/store/k4fapk0pbwjiph9kwjcjbmj8fimbc4mc-rust-analyzer-2025-07-21"
      },
      "system": "x86_64-linux",
      "group": "extra",
      "priority": 5
    },
    {
      "attr_path": "rustPlatform.rustLibSrc",
      "broken": false,
      "derivation": "/nix/store/r3vif088fsnlmf8526p8rl0zybnyl1gy-rust-lib-src.drv",
      "install_id": "rust-lib-src",
      "locked_url": "https://github.com/flox/nixpkgs?rev=dc9637876d0dcc8c9e5e22986b857632effeb727",
      "name": "rust-lib-src",
      "pname": "rustLibSrc",
      "rev": "dc9637876d0dcc8c9e5e22986b857632effeb727",
      "rev_count": 836203,
      "rev_date": "2025-07-28T09:26:29Z",
      "scrape_date": "2025-07-30T00:29:12.345660Z",
      "stabilities": [
        "unstable"
      ],
      "unfree": false,
      "version": "rust-lib-src",
      "outputs_to_install": [
        "out"
      ],
      "outputs": {
        "out": "/nix/store/60kljqpnm7779s5dgvl88glsbwjh7f3i-rust-lib-src"
      },
      "system": "aarch64-darwin",
      "group": "extra",
      "priority": 5
    },
    {
      "attr_path": "rustPlatform.rustLibSrc",
      "broken": false,
      "derivation": "/nix/store/6s3dnkn2x06dc570cd9bzi6l8n6gqsgn-rust-lib-src.drv",
      "install_id": "rust-lib-src",
      "locked_url": "https://github.com/flox/nixpkgs?rev=dc9637876d0dcc8c9e5e22986b857632effeb727",
      "name": "rust-lib-src",
      "pname": "rustLibSrc",
      "rev": "dc9637876d0dcc8c9e5e22986b857632effeb727",
      "rev_count": 836203,
      "rev_date": "2025-07-28T09:26:29Z",
      "scrape_date": "2025-07-30T00:49:23.713940Z",
      "stabilities": [
        "unstable"
      ],
      "unfree": false,
      "version": "rust-lib-src",
      "outputs_to_install": [
        "out"
      ],
      "outputs": {
        "out": "/nix/store/d9hhs5x8igf8zjxirgwra2p0j5rwr1sw-rust-lib-src"
      },
      "system": "aarch64-linux",
      "group": "extra",
      "priority": 5
    },
    {
      "attr_path": "rustPlatform.rustLibSrc",
      "broken": false,
      "derivation": "/nix/store/25z1k8a3ky8lfnvln0nlsw2lkyjg8kqs-rust-lib-src.drv",
      "install_id": "rust-lib-src",
      "locked_url": "https://github.com/flox/nixpkgs?rev=dc9637876d0dcc8c9e5e22986b857632effeb727",
      "name": "rust-lib-src",
      "pname": "rustLibSrc",
      "rev": "dc9637876d0dcc8c9e5e22986b857632effeb727",
      "rev_count": 836203,
      "rev_date": "2025-07-28T09:26:29Z",
      "scrape_date": "2025-07-30T01:08:33.050566Z",
      "stabilities": [
        "unstable"
      ],
      "unfree": false,
      "version": "rust-lib-src",
      "outputs_to_install": [
        "out"
      ],
      "outputs": {
        "out": "/nix/store/r41gykl0s1kkwf4p0zdbl4y2zcqlzvgf-rust-lib-src"
      },
      "system": "x86_64-darwin",
      "group": "extra",
      "priority": 5
    },
    {
      "attr_path": "rustPlatform.rustLibSrc",
      "broken": false,
      "derivation": "/nix/store/yajrxrxcpi1q8632lslgqz7s8bfmwpgp-rust-lib-src.drv",
      "install_id": "rust-lib-src",
      "locked_url": "https://github.com/flox/nixpkgs?rev=dc9637876d0dcc8c9e5e22986b857632effeb727",
      "name": "rust-lib-src",
      "pname": "rustLibSrc",
      "rev": "dc9637876d0dcc8c9e5e22986b857632effeb727",
      "rev_count": 836203,
      "rev_date": "2025-07-28T09:26:29Z",
      "scrape_date": "2025-07-30T01:33:10.509487Z",
      "stabilities": [
        "unstable"
      ],
      "unfree": false,
      "version": "rust-lib-src",
      "outputs_to_install": [
        "out"
      ],
      "outputs": {
        "out": "/nix/store/nyzjdkx8if5nz3wqy1y8kavhhyvf881d-rust-lib-src"
      },
      "system": "x86_64-linux",
      "group": "extra",
      "priority": 5
    },
    {
      "attr_path": "rustfmt",
      "broken": false,
      "derivation": "/nix/store/61r17qbnbk0r4j9ad9vrqhgllj37dryv-rustfmt-1.88.0.drv",
      "description": "Tool for formatting Rust code according to style guidelines",
      "install_id": "rustfmt",
      "license": "[ MIT, Apache-2.0 ]",
      "locked_url": "https://github.com/flox/nixpkgs?rev=dc9637876d0dcc8c9e5e22986b857632effeb727",
      "name": "rustfmt-1.88.0",
      "pname": "rustfmt",
      "rev": "dc9637876d0dcc8c9e5e22986b857632effeb727",
      "rev_count": 836203,
      "rev_date": "2025-07-28T09:26:29Z",
      "scrape_date": "2025-07-30T00:28:38.621786Z",
      "stabilities": [
        "unstable"
      ],
      "unfree": false,
      "version": "1.88.0",
      "outputs_to_install": [
        "out"
      ],
      "outputs": {
        "out": "/nix/store/m3f9ih4pxvjw333gndxlgnnxsr3aq16q-rustfmt-1.88.0"
      },
      "system": "aarch64-darwin",
      "group": "extra",
      "priority": 5
    },
    {
      "attr_path": "rustfmt",
      "broken": false,
      "derivation": "/nix/store/h0g4m1v9md7q2fznb3a7z2fav22vlcw5-rustfmt-1.88.0.drv",
      "description": "Tool for formatting Rust code according to style guidelines",
      "install_id": "rustfmt",
      "license": "[ MIT, Apache-2.0 ]",
      "locked_url": "https://github.com/flox/nixpkgs?rev=dc9637876d0dcc8c9e5e22986b857632effeb727",
      "name": "rustfmt-1.88.0",
      "pname": "rustfmt",
      "rev": "dc9637876d0dcc8c9e5e22986b857632effeb727",
      "rev_count": 836203,
      "rev_date": "2025-07-28T09:26:29Z",
      "scrape_date": "2025-07-30T00:48:37.180881Z",
      "stabilities": [
        "unstable"
      ],
      "unfree": false,
      "version": "1.88.0",
      "outputs_to_install": [
        "out"
      ],
      "outputs": {
        "out": "/nix/store/q0rkwnhnpbj6wfwvlyd8rgiib19lgk0r-rustfmt-1.88.0"
      },
      "system": "aarch64-linux",
      "group": "extra",
      "priority": 5
    },
    {
      "attr_path": "rustfmt",
      "broken": false,
      "derivation": "/nix/store/k72kzvhm9qvpxzhg01d123g5627acrxn-rustfmt-1.88.0.drv",
      "description": "Tool for formatting Rust code according to style guidelines",
      "install_id": "rustfmt",
      "license": "[ MIT, Apache-2.0 ]",
      "locked_url": "https://github.com/flox/nixpkgs?rev=dc9637876d0dcc8c9e5e22986b857632effeb727",
      "name": "rustfmt-1.88.0",
      "pname": "rustfmt",
      "rev": "dc9637876d0dcc8c9e5e22986b857632effeb727",
      "rev_count": 836203,
      "rev_date": "2025-07-28T09:26:29Z",
      "scrape_date": "2025-07-30T01:07:59.111892Z",
      "stabilities": [
        "unstable"
      ],
      "unfree": false,
      "version": "1.88.0",
      "outputs_to_install": [
        "out"
      ],
      "outputs": {
        "out": "/nix/store/1rykrnj298zw91dy7y7a4r3jpklml1ch-rustfmt-1.88.0"
      },
      "system": "x86_64-darwin",
      "group": "extra",
      "priority": 5
    },
    {
      "attr_path": "rustfmt",
      "broken": false,
      "derivation": "/nix/store/5m1nwvcm11zz55sz45nifw3ljlhs25fj-rustfmt-1.88.0.drv",
      "description": "Tool for formatting Rust code according to style guidelines",
      "install_id": "rustfmt",
      "license": "[ MIT, Apache-2.0 ]",
      "locked_url": "https://github.com/flox/nixpkgs?rev=dc9637876d0dcc8c9e5e22986b857632effeb727",
      "name": "rustfmt-1.88.0",
      "pname": "rustfmt",
      "rev": "dc9637876d0dcc8c9e5e22986b857632effeb727",
      "rev_count": 836203,
      "rev_date": "2025-07-28T09:26:29Z",
      "scrape_date": "2025-07-30T01:32:21.634465Z",
      "stabilities": [
        "unstable"
      ],
      "unfree": false,
      "version": "1.88.0",
      "outputs_to_install": [
        "out"
      ],
      "outputs": {
        "out": "/nix/store/01c692jwljifbi1hqv9ibzk0v9bsyv8q-rustfmt-1.88.0"
      },
      "system": "x86_64-linux",
      "group": "extra",
      "priority": 5
    },
    {
      "attr_path": "cargo",
      "broken": false,
      "derivation": "/nix/store/l0fnr8h9l9mh3s5xfayj4lz4ynh7wj3r-cargo-1.88.0.drv",
      "description": "Downloads your Rust project's dependencies and builds your project",
      "install_id": "cargo",
      "license": "[ MIT, Apache-2.0 ]",
      "locked_url": "https://github.com/flox/nixpkgs?rev=dc9637876d0dcc8c9e5e22986b857632effeb727",
      "name": "cargo-1.88.0",
      "pname": "cargo",
      "rev": "dc9637876d0dcc8c9e5e22986b857632effeb727",
      "rev_count": 836203,
      "rev_date": "2025-07-28T09:26:29Z",
      "scrape_date": "2025-07-30T00:28:04.852220Z",
      "stabilities": [
        "unstable"
      ],
      "unfree": false,
      "version": "1.88.0",
      "outputs_to_install": [
        "out"
      ],
      "outputs": {
        "out": "/nix/store/3iyviwimri8mq0cqv4abg9mibkcyc1cy-cargo-1.88.0"
      },
      "system": "aarch64-darwin",
      "group": "toplevel",
      "priority": 5
    },
    {
      "attr_path": "cargo",
      "broken": false,
      "derivation": "/nix/store/9x6znj90by8zqlg4vba9pr7al6qhid30-cargo-1.88.0.drv",
      "description": "Downloads your Rust project's dependencies and builds your project",
      "install_id": "cargo",
      "license": "[ MIT, Apache-2.0 ]",
      "locked_url": "https://github.com/flox/nixpkgs?rev=dc9637876d0dcc8c9e5e22986b857632effeb727",
      "name": "cargo-1.88.0",
      "pname": "cargo",
      "rev": "dc9637876d0dcc8c9e5e22986b857632effeb727",
      "rev_count": 836203,
      "rev_date": "2025-07-28T09:26:29Z",
      "scrape_date": "2025-07-30T00:47:40.398158Z",
      "stabilities": [
        "unstable"
      ],
      "unfree": false,
      "version": "1.88.0",
      "outputs_to_install": [
        "out"
      ],
      "outputs": {
        "out": "/nix/store/6w7lghpjhkd5pw9y0hnnmg5w341jswyd-cargo-1.88.0"
      },
      "system": "aarch64-linux",
      "group": "toplevel",
      "priority": 5
    },
    {
      "attr_path": "cargo",
      "broken": false,
      "derivation": "/nix/store/ggvfv7hw3gd6w1jnwx67s72vcxxdcq1l-cargo-1.88.0.drv",
      "description": "Downloads your Rust project's dependencies and builds your project",
      "install_id": "cargo",
      "license": "[ MIT, Apache-2.0 ]",
      "locked_url": "https://github.com/flox/nixpkgs?rev=dc9637876d0dcc8c9e5e22986b857632effeb727",
      "name": "cargo-1.88.0",
      "pname": "cargo",
      "rev": "dc9637876d0dcc8c9e5e22986b857632effeb727",
      "rev_count": 836203,
      "rev_date": "2025-07-28T09:26:29Z",
      "scrape_date": "2025-07-30T01:07:25.160678Z",
      "stabilities": [
        "unstable"
      ],
      "unfree": false,
      "version": "1.88.0",
      "outputs_to_install": [
        "out"
      ],
      "outputs": {
        "out": "/nix/store/8kwb2jmbf9xjhr18nw8sa66c0kivsqc4-cargo-1.88.0"
      },
      "system": "x86_64-darwin",
      "group": "toplevel",
      "priority": 5
    },
    {
      "attr_path": "cargo",
      "broken": false,
      "derivation": "/nix/store/bz3dslm505q0dnxs2ccgcx7ar78d23kp-cargo-1.88.0.drv",
      "description": "Downloads your Rust project's dependencies and builds your project",
      "install_id": "cargo",
      "license": "[ MIT, Apache-2.0 ]",
      "locked_url": "https://github.com/flox/nixpkgs?rev=dc9637876d0dcc8c9e5e22986b857632effeb727",
      "name": "cargo-1.88.0",
      "pname": "cargo",
      "rev": "dc9637876d0dcc8c9e5e22986b857632effeb727",
      "rev_count": 836203,
      "rev_date": "2025-07-28T09:26:29Z",
      "scrape_date": "2025-07-30T01:31:20.265571Z",
      "stabilities": [
        "unstable"
      ],
      "unfree": false,
      "version": "1.88.0",
      "outputs_to_install": [
        "out"
      ],
      "outputs": {
        "out": "/nix/store/kg6psfcz4vjcvv8bpyvw422vrndrcq50-cargo-1.88.0"
      },
      "system": "x86_64-linux",
      "group": "toplevel",
      "priority": 5
    },
    {
      "attr_path": "clang",
      "broken": false,
      "derivation": "/nix/store/z34lzahx28gq1gdhn36dyx2iwqlj9m6a-clang-wrapper-19.1.7.drv",
      "description": "C language family frontend for LLVM (wrapper script)",
      "install_id": "clang",
      "license": "[ NCSA, Apache-2.0, LLVM-exception ]",
      "locked_url": "https://github.com/flox/nixpkgs?rev=dc9637876d0dcc8c9e5e22986b857632effeb727",
      "name": "clang-wrapper-19.1.7",
      "pname": "clang",
      "rev": "dc9637876d0dcc8c9e5e22986b857632effeb727",
      "rev_count": 836203,
      "rev_date": "2025-07-28T09:26:29Z",
      "scrape_date": "2025-07-30T00:28:04.981450Z",
      "stabilities": [
        "unstable"
      ],
      "unfree": false,
      "version": "19.1.7",
      "outputs_to_install": [
        "out"
      ],
      "outputs": {
        "out": "/nix/store/yr2068d9m3nsc3g5gbjgj1n3fbr9rb89-clang-wrapper-19.1.7"
      },
      "system": "aarch64-darwin",
      "group": "toplevel",
      "priority": 5
    },
    {
      "attr_path": "clang",
      "broken": false,
      "derivation": "/nix/store/v2a7vp9snpivnpfngmzaqa4nmcw4s4db-clang-wrapper-19.1.7.drv",
      "description": "C language family frontend for LLVM (wrapper script)",
      "install_id": "clang",
      "license": "[ NCSA, Apache-2.0, LLVM-exception ]",
      "locked_url": "https://github.com/flox/nixpkgs?rev=dc9637876d0dcc8c9e5e22986b857632effeb727",
      "name": "clang-wrapper-19.1.7",
      "pname": "clang",
      "rev": "dc9637876d0dcc8c9e5e22986b857632effeb727",
      "rev_count": 836203,
      "rev_date": "2025-07-28T09:26:29Z",
      "scrape_date": "2025-07-30T01:07:25.291619Z",
      "stabilities": [
        "unstable"
      ],
      "unfree": false,
      "version": "19.1.7",
      "outputs_to_install": [
        "out"
      ],
      "outputs": {
        "out": "/nix/store/qbf7hqhchdjwj4ikpxm42ld1cwpi44zh-clang-wrapper-19.1.7"
      },
      "system": "x86_64-darwin",
      "group": "toplevel",
      "priority": 5
    },
    {
      "attr_path": "gcc",
      "broken": false,
      "derivation": "/nix/store/jwzm380gzmzmjprxf1k1qlkv4y2dmcr2-gcc-wrapper-14.3.0.drv",
      "description": "GNU Compiler Collection, version 14.3.0 (wrapper script)",
      "install_id": "gcc",
      "license": "GPL-3.0-or-later",
      "locked_url": "https://github.com/flox/nixpkgs?rev=dc9637876d0dcc8c9e5e22986b857632effeb727",
      "name": "gcc-wrapper-14.3.0",
      "pname": "gcc",
      "rev": "dc9637876d0dcc8c9e5e22986b857632effeb727",
      "rev_count": 836203,
      "rev_date": "2025-07-28T09:26:29Z",
      "scrape_date": "2025-07-30T00:47:41.425856Z",
      "stabilities": [
        "unstable"
      ],
      "unfree": false,
      "version": "14.3.0",
      "outputs_to_install": [
        "man",
        "out"
      ],
      "outputs": {
        "info": "/nix/store/g38fw909lkir925zw1mzxg6mgwls95hc-gcc-wrapper-14.3.0-info",
        "man": "/nix/store/m74yzciid5w40c1y526j1xvg67xc9skg-gcc-wrapper-14.3.0-man",
        "out": "/nix/store/0r34311s7lka3iisjvhdaqpblqyk6g9f-gcc-wrapper-14.3.0"
      },
      "system": "aarch64-linux",
      "group": "toplevel",
      "priority": 5
    },
    {
      "attr_path": "gcc",
      "broken": false,
      "derivation": "/nix/store/n788bcf27q73r0pk73a61ayc7vq9rxip-gcc-wrapper-14.3.0.drv",
      "description": "GNU Compiler Collection, version 14.3.0 (wrapper script)",
      "install_id": "gcc",
      "license": "GPL-3.0-or-later",
      "locked_url": "https://github.com/flox/nixpkgs?rev=dc9637876d0dcc8c9e5e22986b857632effeb727",
      "name": "gcc-wrapper-14.3.0",
      "pname": "gcc",
      "rev": "dc9637876d0dcc8c9e5e22986b857632effeb727",
      "rev_count": 836203,
      "rev_date": "2025-07-28T09:26:29Z",
      "scrape_date": "2025-07-30T01:31:21.406493Z",
      "stabilities": [
        "unstable"
      ],
      "unfree": false,
      "version": "14.3.0",
      "outputs_to_install": [
        "man",
        "out"
      ],
      "outputs": {
        "info": "/nix/store/2r31f7wxsq5qdbl6d3dx03rwgxyhvvry-gcc-wrapper-14.3.0-info",
        "man": "/nix/store/jiivm432bvnzhrnsf8xr9115z7b2l5x2-gcc-wrapper-14.3.0-man",
        "out": "/nix/store/67x7pknz0qa2j16x02idf0x98lpcspah-gcc-wrapper-14.3.0"
      },
      "system": "x86_64-linux",
      "group": "toplevel",
      "priority": 5
    },
    {
      "attr_path": "libiconv",
      "broken": false,
      "derivation": "/nix/store/zfb3pabhlqmj4d9b0835pxvxwlhr709v-libiconv-109.drv",
      "description": "Iconv(3) implementation",
      "install_id": "libiconv",
      "license": "[ BSD-2-Clause, BSD-3-Clause, APSL-1.0 ]",
      "locked_url": "https://github.com/flox/nixpkgs?rev=dc9637876d0dcc8c9e5e22986b857632effeb727",
      "name": "libiconv-109",
      "pname": "libiconv",
      "rev": "dc9637876d0dcc8c9e5e22986b857632effeb727",
      "rev_count": 836203,
      "rev_date": "2025-07-28T09:26:29Z",
      "scrape_date": "2025-07-30T00:28:06.448331Z",
      "stabilities": [
        "unstable"
      ],
      "unfree": false,
      "version": "109",
      "outputs_to_install": [
        "out"
      ],
      "outputs": {
        "dev": "/nix/store/mcc940l8kl31m86qsi4ns5bcafsp7vfi-libiconv-109-dev",
        "out": "/nix/store/lcpbdhaw5yrw96kghpq9d5z0cfq4ljq5-libiconv-109"
      },
      "system": "aarch64-darwin",
      "group": "toplevel",
      "priority": 5
    },
    {
      "attr_path": "libiconv",
      "broken": false,
      "derivation": "/nix/store/bxlcqgvv3w352vqv9pn2ikv45wa7r44c-libiconv-109.drv",
      "description": "Iconv(3) implementation",
      "install_id": "libiconv",
      "license": "[ BSD-2-Clause, BSD-3-Clause, APSL-1.0 ]",
      "locked_url": "https://github.com/flox/nixpkgs?rev=dc9637876d0dcc8c9e5e22986b857632effeb727",
      "name": "libiconv-109",
      "pname": "libiconv",
      "rev": "dc9637876d0dcc8c9e5e22986b857632effeb727",
      "rev_count": 836203,
      "rev_date": "2025-07-28T09:26:29Z",
      "scrape_date": "2025-07-30T01:07:26.817303Z",
      "stabilities": [
        "unstable"
      ],
      "unfree": false,
      "version": "109",
      "outputs_to_install": [
        "out"
      ],
      "outputs": {
        "dev": "/nix/store/kn2rgsbvpg9nz998mi6nnzcbsfb8jgxl-libiconv-109-dev",
        "out": "/nix/store/8xi6xc6hgs7saynm4xnlpdl99k37ddfi-libiconv-109"
      },
      "system": "x86_64-darwin",
      "group": "toplevel",
      "priority": 5
    },
    {
      "attr_path": "pkg-config",
      "broken": false,
      "derivation": "/nix/store/h6b60vlrl1vjhsm2jh7f6n40k3n1mkba-pkg-config-wrapper-0.29.2.drv",
      "description": "Tool that allows packages to find out information about other packages (wrapper script)",
      "install_id": "pkg-config",
      "license": "GPL-2.0-or-later",
      "locked_url": "https://github.com/flox/nixpkgs?rev=dc9637876d0dcc8c9e5e22986b857632effeb727",
      "name": "pkg-config-wrapper-0.29.2",
      "pname": "pkg-config",
      "rev": "dc9637876d0dcc8c9e5e22986b857632effeb727",
      "rev_count": 836203,
      "rev_date": "2025-07-28T09:26:29Z",
      "scrape_date": "2025-07-30T00:28:13.296973Z",
      "stabilities": [
        "unstable"
      ],
      "unfree": false,
      "version": "0.29.2",
      "outputs_to_install": [
        "man",
        "out"
      ],
      "outputs": {
        "doc": "/nix/store/xdfqjgw4azgb9bsn53dhrqwid9h15d31-pkg-config-wrapper-0.29.2-doc",
        "man": "/nix/store/a30b0ccp4b58mhc48afy9a02k45b2f9n-pkg-config-wrapper-0.29.2-man",
        "out": "/nix/store/wj9343rwp0vx0cy4dpl89gavk4pdja55-pkg-config-wrapper-0.29.2"
      },
      "system": "aarch64-darwin",
      "group": "toplevel",
      "priority": 5
    },
    {
      "attr_path": "pkg-config",
      "broken": false,
      "derivation": "/nix/store/2kdmd3hcnmlcpacxl0v4s8x409cfr8lq-pkg-config-wrapper-0.29.2.drv",
      "description": "Tool that allows packages to find out information about other packages (wrapper script)",
      "install_id": "pkg-config",
      "license": "GPL-2.0-or-later",
      "locked_url": "https://github.com/flox/nixpkgs?rev=dc9637876d0dcc8c9e5e22986b857632effeb727",
      "name": "pkg-config-wrapper-0.29.2",
      "pname": "pkg-config",
      "rev": "dc9637876d0dcc8c9e5e22986b857632effeb727",
      "rev_count": 836203,
      "rev_date": "2025-07-28T09:26:29Z",
      "scrape_date": "2025-07-30T00:47:59.860471Z",
      "stabilities": [
        "unstable"
      ],
      "unfree": false,
      "version": "0.29.2",
      "outputs_to_install": [
        "man",
        "out"
      ],
      "outputs": {
        "doc": "/nix/store/h1x5m04ays3fg1xacspi43q7ia52lbkx-pkg-config-wrapper-0.29.2-doc",
        "man": "/nix/store/vxxpa12ajsdk4r2gk01548r0ygw2n01x-pkg-config-wrapper-0.29.2-man",
        "out": "/nix/store/vn90s8p77jf7iwaq1m81lqha8cs2wpk5-pkg-config-wrapper-0.29.2"
      },
      "system": "aarch64-linux",
      "group": "toplevel",
      "priority": 5
    },
    {
      "attr_path": "pkg-config",
      "broken": false,
      "derivation": "/nix/store/1vjm7iydmwq226jdg6qsmc3s0210lqxs-pkg-config-wrapper-0.29.2.drv",
      "description": "Tool that allows packages to find out information about other packages (wrapper script)",
      "install_id": "pkg-config",
      "license": "GPL-2.0-or-later",
      "locked_url": "https://github.com/flox/nixpkgs?rev=dc9637876d0dcc8c9e5e22986b857632effeb727",
      "name": "pkg-config-wrapper-0.29.2",
      "pname": "pkg-config",
      "rev": "dc9637876d0dcc8c9e5e22986b857632effeb727",
      "rev_count": 836203,
      "rev_date": "2025-07-28T09:26:29Z",
      "scrape_date": "2025-07-30T01:07:33.767885Z",
      "stabilities": [
        "unstable"
      ],
      "unfree": false,
      "version": "0.29.2",
      "outputs_to_install": [
        "man",
        "out"
      ],
      "outputs": {
        "doc": "/nix/store/n8h1bww0jlna6ycxvfig97fh6gjs83wv-pkg-config-wrapper-0.29.2-doc",
        "man": "/nix/store/128yhvs3sg0bxhsxl0rgbczjgp10kdrq-pkg-config-wrapper-0.29.2-man",
        "out": "/nix/store/37gxv08h7bn7y58ziw5ni3bqzwfr04a1-pkg-config-wrapper-0.29.2"
      },
      "system": "x86_64-darwin",
      "group": "toplevel",
      "priority": 5
    },
    {
      "attr_path": "pkg-config",
      "broken": false,
      "derivation": "/nix/store/90x4vl9m1v5xiiv71j7727qim1ikq4mq-pkg-config-wrapper-0.29.2.drv",
      "description": "Tool that allows packages to find out information about other packages (wrapper script)",
      "install_id": "pkg-config",
      "license": "GPL-2.0-or-later",
      "locked_url": "https://github.com/flox/nixpkgs?rev=dc9637876d0dcc8c9e5e22986b857632effeb727",
      "name": "pkg-config-wrapper-0.29.2",
      "pname": "pkg-config",
      "rev": "dc9637876d0dcc8c9e5e22986b857632effeb727",
      "rev_count": 836203,
      "rev_date": "2025-07-28T09:26:29Z",
      "scrape_date": "2025-07-30T01:31:42.166631Z",
      "stabilities": [
        "unstable"
      ],
      "unfree": false,
      "version": "0.29.2",
      "outputs_to_install": [
        "man",
        "out"
      ],
      "outputs": {
        "doc": "/nix/store/kyppfi30wm5sfhnkwz1pr5nnlqpis2wa-pkg-config-wrapper-0.29.2-doc",
        "man": "/nix/store/l23dn1jdzr58srzbcv2a0my0ilxx713z-pkg-config-wrapper-0.29.2-man",
        "out": "/nix/store/7vrzhnby95407cbbahn3fj3y98qifgby-pkg-config-wrapper-0.29.2"
      },
      "system": "x86_64-linux",
      "group": "toplevel",
      "priority": 5
    },
    {
      "attr_path": "rustc",
      "broken": false,
      "derivation": "/nix/store/36il1x268jlgfjr5vhy990jvg199415d-rustc-wrapper-1.88.0.drv",
      "description": "Safe, concurrent, practical language (wrapper script)",
      "install_id": "rustc",
      "license": "[ MIT, Apache-2.0 ]",
      "locked_url": "https://github.com/flox/nixpkgs?rev=dc9637876d0dcc8c9e5e22986b857632effeb727",
      "name": "rustc-wrapper-1.88.0",
      "pname": "rustc",
      "rev": "dc9637876d0dcc8c9e5e22986b857632effeb727",
      "rev_count": 836203,
      "rev_date": "2025-07-28T09:26:29Z",
      "scrape_date": "2025-07-30T00:28:38.613183Z",
      "stabilities": [
        "unstable"
      ],
      "unfree": false,
      "version": "1.88.0",
      "outputs_to_install": [
        "man",
        "out"
      ],
      "outputs": {
        "doc": "/nix/store/43jx4b5a1vzns6rlrm869zqzdkn2kfsz-rustc-wrapper-1.88.0-doc",
        "man": "/nix/store/zjq6arkcmxgl6ghjrwg57ay2m0qsjcbj-rustc-wrapper-1.88.0-man",
        "out": "/nix/store/3skm2cmdy8g31xbqz169lzsb7x9dvrk6-rustc-wrapper-1.88.0"
      },
      "system": "aarch64-darwin",
      "group": "toplevel",
      "priority": 5
    },
    {
      "attr_path": "rustc",
      "broken": false,
      "derivation": "/nix/store/aawy96a19hchqai03i2i7rq73n8jbjqb-rustc-wrapper-1.88.0.drv",
      "description": "Safe, concurrent, practical language (wrapper script)",
      "install_id": "rustc",
      "license": "[ MIT, Apache-2.0 ]",
      "locked_url": "https://github.com/flox/nixpkgs?rev=dc9637876d0dcc8c9e5e22986b857632effeb727",
      "name": "rustc-wrapper-1.88.0",
      "pname": "rustc",
      "rev": "dc9637876d0dcc8c9e5e22986b857632effeb727",
      "rev_count": 836203,
      "rev_date": "2025-07-28T09:26:29Z",
      "scrape_date": "2025-07-30T00:48:37.165934Z",
      "stabilities": [
        "unstable"
      ],
      "unfree": false,
      "version": "1.88.0",
      "outputs_to_install": [
        "man",
        "out"
      ],
      "outputs": {
        "doc": "/nix/store/a8m2n4byzxff2738rgynhk4m7m4z7lmh-rustc-wrapper-1.88.0-doc",
        "man": "/nix/store/39wlbfwhafzqqz4ivj126sxphfzsgd3s-rustc-wrapper-1.88.0-man",
        "out": "/nix/store/3w2lyncwvbic72pjch38830c6090fmpq-rustc-wrapper-1.88.0"
      },
      "system": "aarch64-linux",
      "group": "toplevel",
      "priority": 5
    },
    {
      "attr_path": "rustc",
      "broken": false,
      "derivation": "/nix/store/s089aib2xyzn1k3y86zgvmzsrwqypc1a-rustc-wrapper-1.88.0.drv",
      "description": "Safe, concurrent, practical language (wrapper script)",
      "install_id": "rustc",
      "license": "[ MIT, Apache-2.0 ]",
      "locked_url": "https://github.com/flox/nixpkgs?rev=dc9637876d0dcc8c9e5e22986b857632effeb727",
      "name": "rustc-wrapper-1.88.0",
      "pname": "rustc",
      "rev": "dc9637876d0dcc8c9e5e22986b857632effeb727",
      "rev_count": 836203,
      "rev_date": "2025-07-28T09:26:29Z",
      "scrape_date": "2025-07-30T01:07:59.103248Z",
      "stabilities": [
        "unstable"
      ],
      "unfree": false,
      "version": "1.88.0",
      "outputs_to_install": [
        "man",
        "out"
      ],
      "outputs": {
        "doc": "/nix/store/bilr4glals1gdaa4fvqdd43sm233z1v7-rustc-wrapper-1.88.0-doc",
        "man": "/nix/store/g3sc5lw4c2f7gpxzdhrd5wjr0ddv0cig-rustc-wrapper-1.88.0-man",
        "out": "/nix/store/m0kv84sl58xd11fms81yl7ks5a6203zr-rustc-wrapper-1.88.0"
      },
      "system": "x86_64-darwin",
      "group": "toplevel",
      "priority": 5
    },
    {
      "attr_path": "rustc",
      "broken": false,
      "derivation": "/nix/store/a07x09yac1pjzbcb5jz7qahypq98xy65-rustc-wrapper-1.88.0.drv",
      "description": "Safe, concurrent, practical language (wrapper script)",
      "install_id": "rustc",
      "license": "[ MIT, Apache-2.0 ]",
      "locked_url": "https://github.com/flox/nixpkgs?rev=dc9637876d0dcc8c9e5e22986b857632effeb727",
      "name": "rustc-wrapper-1.88.0",
      "pname": "rustc",
      "rev": "dc9637876d0dcc8c9e5e22986b857632effeb727",
      "rev_count": 836203,
      "rev_date": "2025-07-28T09:26:29Z",
      "scrape_date": "2025-07-30T01:32:21.616987Z",
      "stabilities": [
        "unstable"
      ],
      "unfree": false,
      "version": "1.88.0",
      "outputs_to_install": [
        "man",
        "out"
      ],
      "outputs": {
        "doc": "/nix/store/3hjn39rypqbfavrw0mc1whgz186isysr-rustc-wrapper-1.88.0-doc",
        "man": "/nix/store/y9vhsm8q6s0p6by0wy27j2fv2w7nb3r6-rustc-wrapper-1.88.0-man",
        "out": "/nix/store/i19xh91f80g01v4ad3x363g4538z2qx9-rustc-wrapper-1.88.0"
      },
      "system": "x86_64-linux",
      "group": "toplevel",
      "priority": 5
    }
  ],
  "compose": {
    "composer": {
      "version": 1,
      "vars": {
        "BIN_NAME": "ff"
      },
      "options": {
        "cuda-detection": false
      },
      "build": {
        "ffs": {
          "command": "  mkdir -p $out/bin\n  cargo build --release\n  cp target/release/ff $out/bin/ff\n",
          "runtime-packages": [
            "libiconv"
          ],
          "version": "0.2.2",
          "description": "A swiss-army knife for working on Flox"
        }
      },
      "include": {
        "environments": [
          {
            "remote": "zmitchell/rust-build"
          },
          {
            "remote": "zmitchell/rust-dev"
          },
          {
            "remote": "zmitchell/rust-test"
          }
        ]
      }
    },
    "include": [
      {
        "manifest": {
          "version": 1,
          "install": {
            "cargo": {
              "pkg-path": "cargo"
            },
            "clang": {
              "pkg-path": "clang",
              "systems": [
                "aarch64-darwin",
                "x86_64-darwin"
              ]
            },
            "gcc": {
              "pkg-path": "gcc",
              "systems": [
                "aarch64-linux",
                "x86_64-linux"
              ]
            },
            "libiconv": {
              "pkg-path": "libiconv",
              "systems": [
                "aarch64-darwin",
                "x86_64-darwin"
              ]
            },
            "pkg-config": {
              "pkg-path": "pkg-config"
            },
            "rustc": {
              "pkg-path": "rustc"
            }
          },
          "options": {}
        },
        "name": "rust-build",
        "descriptor": {
          "remote": "zmitchell/rust-build"
        }
      },
      {
        "manifest": {
          "version": 1,
          "install": {
            "clippy": {
              "pkg-path": "clippy",
              "pkg-group": "extra"
            },
            "rust-analyzer": {
              "pkg-path": "rust-analyzer",
              "pkg-group": "extra"
            },
            "rust-lib-src": {
              "pkg-path": "rustPlatform.rustLibSrc",
              "pkg-group": "extra"
            },
            "rustfmt": {
              "pkg-path": "rustfmt",
              "pkg-group": "extra"
            }
          },
          "vars": {
            "BIN_NAME": "FOO"
          },
          "hook": {
            "on-activate": "  export PATH=\"$PWD/target/debug:$PATH\"\n"
          },
          "profile": {
            "fish": " abbr install-bin \"cargo b -r && cp target/release/$BIN_NAME ~/bin/$BIN_NAME\"\n"
          },
          "options": {}
        },
        "name": "rust-dev",
        "descriptor": {
          "remote": "zmitchell/rust-dev"
        }
      },
      {
        "manifest": {
          "version": 1,
          "install": {
            "bacon": {
              "pkg-path": "bacon",
              "pkg-group": "extra"
            },
            "cargo-nextest": {
              "pkg-path": "cargo-nextest",
              "pkg-group": "extra"
            }
          },
          "options": {}
        },
        "name": "rust-test",
        "descriptor": {
          "remote": "zmitchell/rust-test"
        }
      }
    ],
    "warnings": [
      {
        "warning": {
          "Overriding": [
            "vars",
            "BIN_NAME"
          ]
        },
        "higher_priority_name": "Current manifest"
      }
    ]
  }
}